
Microsoft Visual Studio Solution File, Format Version 12.00
# Visual Studio 15
VisualStudioVersion = 15.0.26124.0
MinimumVisualStudioVersion = 15.0.26124.0
Project("{2150E333-8FDC-42A3-9474-1A3956D46DE8}") = "src", "src", "{DB5FBFFF-C1F2-417C-9DE8-9314237DCA20}"
EndProject
Project("{FAE04EC0-301F-11D3-BF4B-00C04F79EFBC}") = "MovieTheatre.Api", "src\MovieTheatre.Api\MovieTheatre.Api.csproj", "{A014F478-7F82-48A3-B3B5-B5DC0CE9A3A1}"
EndProject
Global
	GlobalSection(SolutionConfigurationPlatforms) = preSolution
		Debug|Any CPU = Debug|Any CPU
		Debug|x64 = Debug|x64
		Debug|x86 = Debug|x86
		Release|Any CPU = Release|Any CPU
		Release|x64 = Release|x64
		Release|x86 = Release|x86
	EndGlobalSection
	GlobalSection(SolutionProperties) = preSolution
		HideSolutionNode = FALSE
	EndGlobalSection
	GlobalSection(ProjectConfigurationPlatforms) = postSolution
		{A014F478-7F82-48A3-B3B5-B5DC0CE9A3A1}.Debug|Any CPU.ActiveCfg = Debug|Any CPU
		{A014F478-7F82-48A3-B3B5-B5DC0CE9A3A1}.Debug|Any CPU.Build.0 = Debug|Any CPU
		{A014F478-7F82-48A3-B3B5-B5DC0CE9A3A1}.Debug|x64.ActiveCfg = Debug|Any CPU
		{A014F478-7F82-48A3-B3B5-B5DC0CE9A3A1}.Debug|x64.Build.0 = Debug|Any CPU
		{A014F478-7F82-48A3-B3B5-B5DC0CE9A3A1}.Debug|x86.ActiveCfg = Debug|Any CPU
		{A014F478-7F82-48A3-B3B5-B5DC0CE9A3A1}.Debug|x86.Build.0 = Debug|Any CPU
		{A014F478-7F82-48A3-B3B5-B5DC0CE9A3A1}.Release|Any CPU.ActiveCfg = Release|Any CPU
		{A014F478-7F82-48A3-B3B5-B5DC0CE9A3A1}.Release|Any CPU.Build.0 = Release|Any CPU
		{A014F478-7F82-48A3-B3B5-B5DC0CE9A3A1}.Release|x64.ActiveCfg = Release|Any CPU
		{A014F478-7F82-48A3-B3B5-B5DC0CE9A3A1}.Release|x64.Build.0 = Release|Any CPU
		{A014F478-7F82-48A3-B3B5-B5DC0CE9A3A1}.Release|x86.ActiveCfg = Release|Any CPU
		{A014F478-7F82-48A3-B3B5-B5DC0CE9A3A1}.Release|x86.Build.0 = Release|Any CPU
	EndGlobalSection
	GlobalSection(NestedProjects) = preSolution
		{A014F478-7F82-48A3-B3B5-B5DC0CE9A3A1} = {DB5FBFFF-C1F2-417C-9DE8-9314237DCA20}
	EndGlobalSection
EndGlobal
