
Microsoft Visual Studio Solution File, Format Version 12.00
# Visual Studio 15
VisualStudioVersion = 15.0.26124.0
MinimumVisualStudioVersion = 15.0.26124.0
Project("{2150E333-8FDC-42A3-9474-1A3956D46DE8}") = "src", "src", "{0F66C272-51CC-44F0-96A2-CE7E24276200}"
EndProject
Project("{FAE04EC0-301F-11D3-BF4B-00C04F79EFBC}") = "MovieStudio.Api", "src\MovieStudio.Api\MovieStudio.Api.csproj", "{F55C9A90-DD53-4B29-A752-5E0A327F26C8}"
EndProject
Global
	GlobalSection(SolutionConfigurationPlatforms) = preSolution
		Debug|Any CPU = Debug|Any CPU
		Debug|x64 = Debug|x64
		Debug|x86 = Debug|x86
		Release|Any CPU = Release|Any CPU
		Release|x64 = Release|x64
		Release|x86 = Release|x86
	EndGlobalSection
	GlobalSection(SolutionProperties) = preSolution
		HideSolutionNode = FALSE
	EndGlobalSection
	GlobalSection(ProjectConfigurationPlatforms) = postSolution
		{F55C9A90-DD53-4B29-A752-5E0A327F26C8}.Debug|Any CPU.ActiveCfg = Debug|Any CPU
		{F55C9A90-DD53-4B29-A752-5E0A327F26C8}.Debug|Any CPU.Build.0 = Debug|Any CPU
		{F55C9A90-DD53-4B29-A752-5E0A327F26C8}.Debug|x64.ActiveCfg = Debug|Any CPU
		{F55C9A90-DD53-4B29-A752-5E0A327F26C8}.Debug|x64.Build.0 = Debug|Any CPU
		{F55C9A90-DD53-4B29-A752-5E0A327F26C8}.Debug|x86.ActiveCfg = Debug|Any CPU
		{F55C9A90-DD53-4B29-A752-5E0A327F26C8}.Debug|x86.Build.0 = Debug|Any CPU
		{F55C9A90-DD53-4B29-A752-5E0A327F26C8}.Release|Any CPU.ActiveCfg = Release|Any CPU
		{F55C9A90-DD53-4B29-A752-5E0A327F26C8}.Release|Any CPU.Build.0 = Release|Any CPU
		{F55C9A90-DD53-4B29-A752-5E0A327F26C8}.Release|x64.ActiveCfg = Release|Any CPU
		{F55C9A90-DD53-4B29-A752-5E0A327F26C8}.Release|x64.Build.0 = Release|Any CPU
		{F55C9A90-DD53-4B29-A752-5E0A327F26C8}.Release|x86.ActiveCfg = Release|Any CPU
		{F55C9A90-DD53-4B29-A752-5E0A327F26C8}.Release|x86.Build.0 = Release|Any CPU
	EndGlobalSection
	GlobalSection(NestedProjects) = preSolution
		{F55C9A90-DD53-4B29-A752-5E0A327F26C8} = {0F66C272-51CC-44F0-96A2-CE7E24276200}
	EndGlobalSection
EndGlobal
